{
  "name": "api_flask",
  "version": "1.0.0",
  "lockfileVersion": 3,
  "requires": true,
  "packages": {
    "": {
      "name": "api_flask",
      "version": "1.0.0",
      "license": "Private",
      "dependencies": {
        "genericsuite-be-scripts": "github:tomkat-cr/genericsuite-be-scripts#develop"
      }
    },
    "node_modules/genericsuite-be-scripts": {
      "version": "1.3.0",
      "resolved": "git+ssh://git@github.com/tomkat-cr/genericsuite-be-scripts.git#beae31c2d4b6f22affa61c7f8fadf31903936ab1",
      "license": "MIT"
    }
  }
}
