{
  "name": "api_flask",
  "version": "1.0.0",
  "lockfileVersion": 3,
  "requires": true,
  "packages": {
    "": {
      "name": "api_flask",
      "version": "1.0.0",
      "license": "Private",
      "dependencies": {
        "genericsuite-be-scripts": "github:tomkat-cr/genericsuite-be-scripts#develop"
      }
    },
    "node_modules/genericsuite-be-scripts": {
      "version": "1.3.0",
      "resolved": "git+ssh://git@github.com/tomkat-cr/genericsuite-be-scripts.git#39c16dd7f61dd78fafa26d038e69d7f66bb54eb7",
      "license": "MIT"
    }
  }
}
