{
  "name": "api_flask",
  "version": "1.0.0",
  "lockfileVersion": 3,
  "requires": true,
  "packages": {
    "": {
      "name": "api_flask",
      "version": "1.0.0",
      "license": "Private",
      "dependencies": {
        "genericsuite-be-scripts": "github:tomkat-cr/genericsuite-be-scripts#develop"
      }
    },
    "node_modules/genericsuite-be-scripts": {
      "version": "1.0.13",
      "resolved": "git+ssh://git@github.com/tomkat-cr/genericsuite-be-scripts.git#5754826d7d640519a87c8770ea8138cf03933a31",
      "license": "ISC"
    }
  }
}
