{
  "name": "api_flask",
  "version": "1.0.0",
  "lockfileVersion": 3,
  "requires": true,
  "packages": {
    "": {
      "name": "api_flask",
      "version": "1.0.0",
      "license": "Private",
      "dependencies": {
        "genericsuite-be-scripts": "^1.0.14"
      }
    },
    "node_modules/genericsuite-be-scripts": {
      "version": "1.0.14",
      "resolved": "https://registry.npmjs.org/genericsuite-be-scripts/-/genericsuite-be-scripts-1.0.14.tgz",
      "integrity": "sha512-aX28+FmL/dHnMt2TUtBQqW+eOJlv55coZQEud8BRj081vk4+R0aGoQX//PsnuEisk5cAsue1PLD+ledJ8wZjnw==",
      "license": "ISC"
    }
  }
}
