{
  "name": "exampleapp_backend",
  "version": "1.0.0",
  "lockfileVersion": 3,
  "requires": true,
  "packages": {
    "": {
      "name": "exampleapp_backend",
      "version": "1.0.0",
      "license": "MIT",
      "dependencies": {
        "genericsuite-be-scripts": "^1.0.12"
      }
    },
    "../genericsuite-be-scripts": {
      "version": "1.0.12",
      "extraneous": true,
      "license": "ISC",
      "devDependencies": {
        "office-addin-dev-certs": "^1.12.2"
      }
    },
    "node_modules/genericsuite-be-scripts": {
      "version": "1.0.12",
      "resolved": "https://registry.npmjs.org/genericsuite-be-scripts/-/genericsuite-be-scripts-1.0.12.tgz",
      "integrity": "sha512-4Rx45RcG+UQ+Wol/lJTKRyCy34JoPPcOAKg06uIephPGIs/NutgvV7NPW6+T7r9KO7GIU4c+eHUIdBIGIV0oAg==",
      "license": "ISC"
    }
  }
}
