{
  "name": "api_chalice",
  "version": "1.0.0",
  "lockfileVersion": 3,
  "requires": true,
  "packages": {
    "": {
      "name": "api_chalice",
      "version": "1.0.0",
      "license": "Private",
      "dependencies": {
        "genericsuite-be-scripts": "^1.2.0"
      }
    },
    "node_modules/genericsuite-be-scripts": {
      "version": "1.2.0",
      "resolved": "https://registry.npmjs.org/genericsuite-be-scripts/-/genericsuite-be-scripts-1.2.0.tgz",
      "integrity": "sha512-MFmU8C0495i7QF1MsBXs2PPGFl/FUz2y+vC5s4cA5EPP0B1++MB+achrXRFT95VagUxFSoZ8IVyDhzZwb1GCPg==",
      "license": "ISC"
    }
  }
}
