{
  "name": "exampleapp_api_chalice",
  "version": "1.0.0",
  "lockfileVersion": 3,
  "requires": true,
  "packages": {
    "": {
      "name": "exampleapp_api_chalice",
      "version": "1.0.0",
      "license": "Private",
      "dependencies": {
        "genericsuite-be-scripts": "github:tomkat-cr/genericsuite-be-scripts#develop"
      }
    },
    "node_modules/genericsuite-be-scripts": {
      "version": "1.0.13",
      "resolved": "git+ssh://git@github.com/tomkat-cr/genericsuite-be-scripts.git#9d598186f2c96f3b9ead0f42f15f32a431c76a0c",
      "license": "ISC"
    }
  }
}
