{
  "name": "api_chalice",
  "version": "1.0.0",
  "lockfileVersion": 3,
  "requires": true,
  "packages": {
    "": {
      "name": "api_chalice",
      "version": "1.0.0",
      "license": "Private",
      "dependencies": {
        "genericsuite-be-scripts": "file:../../../../../../genericsuite-be-scripts"
      }
    },
    "../../../../../../genericsuite-be-scripts": {
      "version": "1.2.0",
      "license": "ISC",
      "devDependencies": {
        "office-addin-dev-certs": "^1.12.2"
      }
    },
    "node_modules/genericsuite-be-scripts": {
      "resolved": "../../../../../../genericsuite-be-scripts",
      "link": true
    }
  }
}
