{
  "name": "api_fastapi",
  "version": "1.0.0",
  "lockfileVersion": 3,
  "requires": true,
  "packages": {
    "": {
      "name": "api_fastapi",
      "version": "1.0.0",
      "license": "Private",
      "dependencies": {
        "genericsuite-be-scripts": "github:tomkat-cr/genericsuite-be-scripts#develop"
      }
    },
    "node_modules/genericsuite-be-scripts": {
      "version": "1.0.14",
      "resolved": "git+ssh://git@github.com/tomkat-cr/genericsuite-be-scripts.git#9f3983d1572fcb711d2a5ee2bc45c2874a9632b4",
      "license": "ISC"
    }
  }
}
