{
  "name": "genericsuite-exampleapp",
  "version": "1.0.0",
  "lockfileVersion": 3,
  "requires": true,
  "packages": {
    "": {
      "name": "genericsuite-exampleapp",
      "version": "1.0.0",
      "license": "ISC",
      "dependencies": {
        "dotenv": "^17.1.0"
      },
      "devDependencies": {
        "turbo": "^2.5.4"
      }
    },
    "node_modules/.pnpm/turbo@2.5.4/node_modules/turbo": {
      "version": "2.5.4",
      "dev": true,
      "license": "MIT",
      "bin": {
        "turbo": "bin/turbo"
      },
      "optionalDependencies": {
        "turbo-darwin-64": "2.5.4",
        "turbo-darwin-arm64": "2.5.4",
        "turbo-linux-64": "2.5.4",
        "turbo-linux-arm64": "2.5.4",
        "turbo-windows-64": "2.5.4",
        "turbo-windows-arm64": "2.5.4"
      }
    },
    "node_modules/dotenv": {
      "version": "17.1.0",
      "resolved": "https://registry.npmjs.org/dotenv/-/dotenv-17.1.0.tgz",
      "integrity": "sha512-tG9VUTJTuju6GcXgbdsOuRhupE8cb4mRgY5JLRCh4MtGoVo3/gfGUtOMwmProM6d0ba2mCFvv+WrpYJV6qgJXQ==",
      "license": "BSD-2-Clause",
      "engines": {
        "node": ">=12"
      },
      "funding": {
        "url": "https://dotenvx.com"
      }
    },
    "node_modules/turbo": {
      "resolved": "node_modules/.pnpm/turbo@2.5.4/node_modules/turbo",
      "link": true
    },
    "node_modules/turbo-darwin-64": {
      "version": "2.5.4",
      "resolved": "https://registry.npmjs.org/turbo-darwin-64/-/turbo-darwin-64-2.5.4.tgz",
      "integrity": "sha512-ah6YnH2dErojhFooxEzmvsoZQTMImaruZhFPfMKPBq8sb+hALRdvBNLqfc8NWlZq576FkfRZ/MSi4SHvVFT9PQ==",
      "cpu": [
        "x64"
      ],
      "dev": true,
      "license": "MIT",
      "optional": true,
      "os": [
        "darwin"
      ]
    },
    "node_modules/turbo-darwin-arm64": {
      "version": "2.5.4",
      "resolved": "https://registry.npmjs.org/turbo-darwin-arm64/-/turbo-darwin-arm64-2.5.4.tgz",
      "integrity": "sha512-2+Nx6LAyuXw2MdXb7pxqle3MYignLvS7OwtsP9SgtSBaMlnNlxl9BovzqdYAgkUW3AsYiQMJ/wBRb7d+xemM5A==",
      "cpu": [
        "arm64"
      ],
      "dev": true,
      "license": "MIT",
      "optional": true,
      "os": [
        "darwin"
      ]
    },
    "node_modules/turbo-linux-64": {
      "version": "2.5.4",
      "resolved": "https://registry.npmjs.org/turbo-linux-64/-/turbo-linux-64-2.5.4.tgz",
      "integrity": "sha512-5May2kjWbc8w4XxswGAl74GZ5eM4Gr6IiroqdLhXeXyfvWEdm2mFYCSWOzz0/z5cAgqyGidF1jt1qzUR8hTmOA==",
      "cpu": [
        "x64"
      ],
      "dev": true,
      "license": "MIT",
      "optional": true,
      "os": [
        "linux"
      ]
    },
    "node_modules/turbo-linux-arm64": {
      "version": "2.5.4",
      "resolved": "https://registry.npmjs.org/turbo-linux-arm64/-/turbo-linux-arm64-2.5.4.tgz",
      "integrity": "sha512-/2yqFaS3TbfxV3P5yG2JUI79P7OUQKOUvAnx4MV9Bdz6jqHsHwc9WZPpO4QseQm+NvmgY6ICORnoVPODxGUiJg==",
      "cpu": [
        "arm64"
      ],
      "dev": true,
      "license": "MIT",
      "optional": true,
      "os": [
        "linux"
      ]
    },
    "node_modules/turbo-windows-64": {
      "version": "2.5.4",
      "resolved": "https://registry.npmjs.org/turbo-windows-64/-/turbo-windows-64-2.5.4.tgz",
      "integrity": "sha512-EQUO4SmaCDhO6zYohxIjJpOKRN3wlfU7jMAj3CgcyTPvQR/UFLEKAYHqJOnJtymbQmiiM/ihX6c6W6Uq0yC7mA==",
      "cpu": [
        "x64"
      ],
      "dev": true,
      "license": "MIT",
      "optional": true,
      "os": [
        "win32"
      ]
    },
    "node_modules/turbo-windows-arm64": {
      "version": "2.5.4",
      "resolved": "https://registry.npmjs.org/turbo-windows-arm64/-/turbo-windows-arm64-2.5.4.tgz",
      "integrity": "sha512-oQ8RrK1VS8lrxkLriotFq+PiF7iiGgkZtfLKF4DDKsmdbPo0O9R2mQxm7jHLuXraRCuIQDWMIw6dpcr7Iykf4A==",
      "cpu": [
        "arm64"
      ],
      "dev": true,
      "license": "MIT",
      "optional": true,
      "os": [
        "win32"
      ]
    }
  }
}
