{
  "name": "genericsuite-exampleapp",
  "version": "1.0.0",
  "lockfileVersion": 3,
  "requires": true,
  "packages": {
    "": {
      "name": "genericsuite-exampleapp",
      "version": "1.0.0",
      "license": "ISC",
      "dependencies": {
        "dotenv": "^17.2.3"
      },
      "devDependencies": {
        "turbo": "^2.6.0"
      }
    },
    "node_modules/dotenv": {
      "version": "17.2.3",
      "resolved": "https://registry.npmjs.org/dotenv/-/dotenv-17.2.3.tgz",
      "integrity": "sha512-JVUnt+DUIzu87TABbhPmNfVdBDt18BLOWjMUFJMSi/Qqg7NTYtabbvSNJGOJ7afbRuv9D/lngizHtP7QyLQ+9w==",
      "license": "BSD-2-Clause",
      "engines": {
        "node": ">=12"
      },
      "funding": {
        "url": "https://dotenvx.com"
      }
    },
    "node_modules/turbo": {
      "version": "2.6.0",
      "resolved": "https://registry.npmjs.org/turbo/-/turbo-2.6.0.tgz",
      "integrity": "sha512-kC5VJqOXo50k0/0jnJDDjibLAXalqT9j7PQ56so0pN+81VR4Fwb2QgIE9dTzT3phqOTQuEXkPh3sCpnv5Isz2g==",
      "dev": true,
      "license": "MIT",
      "bin": {
        "turbo": "bin/turbo"
      },
      "optionalDependencies": {
        "turbo-darwin-64": "2.6.0",
        "turbo-darwin-arm64": "2.6.0",
        "turbo-linux-64": "2.6.0",
        "turbo-linux-arm64": "2.6.0",
        "turbo-windows-64": "2.6.0",
        "turbo-windows-arm64": "2.6.0"
      }
    },
    "node_modules/turbo-darwin-64": {
      "version": "2.6.0",
      "resolved": "https://registry.npmjs.org/turbo-darwin-64/-/turbo-darwin-64-2.6.0.tgz",
      "integrity": "sha512-6vHnLAubHj8Ib45Knu+oY0ZVCLO7WcibzAvt5b1E72YHqAs4y8meMAGMZM0jLqWPh/9maHDc16/qBCMxtW4pXg==",
      "cpu": [
        "x64"
      ],
      "dev": true,
      "license": "MIT",
      "optional": true,
      "os": [
        "darwin"
      ]
    },
    "node_modules/turbo-darwin-arm64": {
      "version": "2.6.0",
      "resolved": "https://registry.npmjs.org/turbo-darwin-arm64/-/turbo-darwin-arm64-2.6.0.tgz",
      "integrity": "sha512-IU+gWMEXNBw8H0pxvE7nPEa5p6yahxbN8g/Q4Bf0AHymsAFqsScgV0peeNbWybdmY9jk1LPbALOsF2kY1I7ZiQ==",
      "cpu": [
        "arm64"
      ],
      "dev": true,
      "license": "MIT",
      "optional": true,
      "os": [
        "darwin"
      ]
    },
    "node_modules/turbo-linux-64": {
      "version": "2.6.0",
      "resolved": "https://registry.npmjs.org/turbo-linux-64/-/turbo-linux-64-2.6.0.tgz",
      "integrity": "sha512-CKoiJ2ZFJLCDsWdRlZg+ew1BkGn8iCEGdePhISVpjsGwkJwSVhVu49z2zKdBeL1IhcSKS2YALwp9ellNZANJxw==",
      "cpu": [
        "x64"
      ],
      "dev": true,
      "license": "MIT",
      "optional": true,
      "os": [
        "linux"
      ]
    },
    "node_modules/turbo-linux-arm64": {
      "version": "2.6.0",
      "resolved": "https://registry.npmjs.org/turbo-linux-arm64/-/turbo-linux-arm64-2.6.0.tgz",
      "integrity": "sha512-WroVCdCvJbrhNxNdw7XB7wHAfPPJPV+IXY+ZKNed+9VdfBu/2mQNfKnvqTuFTH7n+Pdpv8to9qwhXRTJe26upg==",
      "cpu": [
        "arm64"
      ],
      "dev": true,
      "license": "MIT",
      "optional": true,
      "os": [
        "linux"
      ]
    },
    "node_modules/turbo-windows-64": {
      "version": "2.6.0",
      "resolved": "https://registry.npmjs.org/turbo-windows-64/-/turbo-windows-64-2.6.0.tgz",
      "integrity": "sha512-7pZo5aGQPR+A7RMtWCZHusarJ6y15LQ+o3jOmpMxTic/W6Bad+jSeqo07TWNIseIWjCVzrSv27+0odiYRYtQdA==",
      "cpu": [
        "x64"
      ],
      "dev": true,
      "license": "MIT",
      "optional": true,
      "os": [
        "win32"
      ]
    },
    "node_modules/turbo-windows-arm64": {
      "version": "2.6.0",
      "resolved": "https://registry.npmjs.org/turbo-windows-arm64/-/turbo-windows-arm64-2.6.0.tgz",
      "integrity": "sha512-1Ty+NwIksQY7AtFUCPrTpcKQE7zmd/f7aRjdT+qkqGFQjIjFYctEtN7qo4vpQPBgCfS1U3ka83A2u/9CfJQ3wQ==",
      "cpu": [
        "arm64"
      ],
      "dev": true,
      "license": "MIT",
      "optional": true,
      "os": [
        "win32"
      ]
    }
  }
}
