{
  "name": "mcp_server",
  "version": "1.0.0",
  "lockfileVersion": 3,
  "requires": true,
  "packages": {
    "": {
      "name": "mcp_server",
      "version": "1.0.0",
      "license": "Private",
      "dependencies": {
        "genericsuite-be-scripts": "github:tomkat-cr/genericsuite-be-scripts#develop"
      }
    },
    "node_modules/genericsuite-be-scripts": {
      "version": "1.3.0",
      "resolved": "git+ssh://git@github.com/tomkat-cr/genericsuite-be-scripts.git#e941f54b51dbb7fbd7a39e63c06e2232fd3c700f",
      "license": "MIT"
    }
  }
}
