{
  "name": "mcp_server",
  "version": "1.0.0",
  "lockfileVersion": 3,
  "requires": true,
  "packages": {
    "": {
      "name": "mcp_server",
      "version": "1.0.0",
      "license": "Private",
      "dependencies": {
        "genericsuite-be-scripts": "github:tomkat-cr/genericsuite-be-scripts#develop"
      }
    },
    "node_modules/genericsuite-be-scripts": {
      "version": "1.2.0",
      "resolved": "git+ssh://git@github.com/tomkat-cr/genericsuite-be-scripts.git#25061cd54b7df89421b5c4122b7c0758af55861f",
      "license": "ISC"
    }
  }
}
