{
  "name": "api_fastapi",
  "version": "1.0.0",
  "lockfileVersion": 3,
  "requires": true,
  "packages": {
    "": {
      "name": "api_fastapi",
      "version": "1.0.0",
      "license": "Private",
      "dependencies": {
        "genericsuite-be-scripts": "^1.3.0"
      }
    },
    "node_modules/genericsuite-be-scripts": {
      "version": "1.3.0",
      "resolved": "https://registry.npmjs.org/genericsuite-be-scripts/-/genericsuite-be-scripts-1.3.0.tgz",
      "integrity": "sha512-DoDIKc+wqYWNy5x7ShO2pJrNlsodZ53V5uh3SEjYWKNBiHOCWQZCFyf1xgXcJajunErbItZYmzRiuv0BFBm3ag==",
      "license": "ISC"
    }
  }
}
