{
  "name": "api_chalice",
  "version": "1.0.0",
  "lockfileVersion": 3,
  "requires": true,
  "packages": {
    "": {
      "name": "api_chalice",
      "version": "1.0.0",
      "license": "Private",
      "dependencies": {
        "genericsuite-be-scripts": "^1.4.0"
      }
    },
    "node_modules/genericsuite-be-scripts": {
      "version": "1.4.0",
      "resolved": "https://registry.npmjs.org/genericsuite-be-scripts/-/genericsuite-be-scripts-1.4.0.tgz",
      "integrity": "sha512-xNfxbKOsNnyLz5lb5F2i2q5ezv36NrxrnXMathGjksA/AFiFY6WV0/RORrt9HOkm9D5HPkcuXRoqlwoj1ndjkw==",
      "license": "MIT"
    }
  }
}
